
Microsoft Visual Studio Solution File, Format Version 12.00
# Visual Studio Version 17
VisualStudioVersion = 17.14.36623.8 d17.14
MinimumVisualStudioVersion = 10.0.40219.1
Project("{FAE04EC0-301F-11D3-BF4B-00C04F79EFBC}") = "Dapper_Crud", "Dapper_Crud.csproj", "{F46FBC73-F64C-4338-9DD8-5F4196CDCCC3}"
EndProject
Global
	GlobalSection(SolutionConfigurationPlatforms) = preSolution
		Debug|Any CPU = Debug|Any CPU
		Release|Any CPU = Release|Any CPU
	EndGlobalSection
	GlobalSection(ProjectConfigurationPlatforms) = postSolution
		{F46FBC73-F64C-4338-9DD8-5F4196CDCCC3}.Debug|Any CPU.ActiveCfg = Debug|Any CPU
		{F46FBC73-F64C-4338-9DD8-5F4196CDCCC3}.Debug|Any CPU.Build.0 = Debug|Any CPU
		{F46FBC73-F64C-4338-9DD8-5F4196CDCCC3}.Release|Any CPU.ActiveCfg = Release|Any CPU
		{F46FBC73-F64C-4338-9DD8-5F4196CDCCC3}.Release|Any CPU.Build.0 = Release|Any CPU
	EndGlobalSection
	GlobalSection(SolutionProperties) = preSolution
		HideSolutionNode = FALSE
	EndGlobalSection
	GlobalSection(ExtensibilityGlobals) = postSolution
		SolutionGuid = {2F387996-47D8-4D63-9856-D90193970E89}
	EndGlobalSection
EndGlobal
